// !$*UTF8*$!
{
	archiveVersion = 1;
	classes = {
	};
	objectVersion = 77;
	objects = {

/* Begin PBXBuildFile section */
		DAA35B912E61934C008A980B /* Note.md in Resources */ = {isa = PBXBuildFile; fileRef = DAA35B902E61934C008A980B /* Note.md */; };
/* End PBXBuildFile section */

/* Begin PBXContainerItemProxy section */
		DAA35B742E6192FC008A980B /* PBXContainerItemProxy */ = {
			isa = PBXContainerItemProxy;
			containerPortal = DAA35B5E2E6192FA008A980B /* Project object */;
			proxyType = 1;
			remoteGlobalIDString = DAA35B652E6192FA008A980B;
			remoteInfo = AlbumWidget;
		};
		DAA35B7E2E6192FC008A980B /* PBXContainerItemProxy */ = {
			isa = PBXContainerItemProxy;
			containerPortal = DAA35B5E2E6192FA008A980B /* Project object */;
			proxyType = 1;
			remoteGlobalIDString = DAA35B652E6192FA008A980B;
			remoteInfo = AlbumWidget;
		};
/* End PBXContainerItemProxy section */

/* Begin PBXFileReference section */
		DAA35B662E6192FA008A980B /* AlbumWidget.app */ = {isa = PBXFileReference; explicitFileType = wrapper.application; includeInIndex = 0; path = AlbumWidget.app; sourceTree = BUILT_PRODUCTS_DIR; };
		DAA35B732E6192FC008A980B /* AlbumWidgetTests.xctest */ = {isa = PBXFileReference; explicitFileType = wrapper.cfbundle; includeInIndex = 0; path = AlbumWidgetTests.xctest; sourceTree = BUILT_PRODUCTS_DIR; };
		DAA35B7D2E6192FC008A980B /* AlbumWidgetUITests.xctest */ = {isa = PBXFileReference; explicitFileType = wrapper.cfbundle; includeInIndex = 0; path = AlbumWidgetUITests.xctest; sourceTree = BUILT_PRODUCTS_DIR; };
		DAA35B902E61934C008A980B /* Note.md */ = {isa = PBXFileReference; lastKnownFileType = net.daringfireball.markdown; path = Note.md; sourceTree = "<group>"; };
/* End PBXFileReference section */

/* Begin PBXFileSystemSynchronizedBuildFileExceptionSet section */
		DAC974362EAA174000D75E60 /* Exceptions for "AlbumWidget" folder in "AlbumWidget" target */ = {
			isa = PBXFileSystemSynchronizedBuildFileExceptionSet;
			membershipExceptions = (
				Info.plist,
			);
			target = DAA35B652E6192FA008A980B /* AlbumWidget */;
		};
/* End PBXFileSystemSynchronizedBuildFileExceptionSet section */

/* Begin PBXFileSystemSynchronizedRootGroup section */
		DAA35B682E6192FA008A980B /* AlbumWidget */ = {
			isa = PBXFileSystemSynchronizedRootGroup;
			exceptions = (
				DAC974362EAA174000D75E60 /* Exceptions for "AlbumWidget" folder in "AlbumWidget" target */,
			);
			path = AlbumWidget;
			sourceTree = "<group>";
		};
		DAA35B762E6192FC008A980B /* AlbumWidgetTests */ = {
			isa = PBXFileSystemSynchronizedRootGroup;
			path = AlbumWidgetTests;
			sourceTree = "<group>";
		};
		DAA35B802E6192FC008A980B /* AlbumWidgetUITests */ = {
			isa = PBXFileSystemSynchronizedRootGroup;
			path = AlbumWidgetUITests;
			sourceTree = "<group>";
		};
/* End PBXFileSystemSynchronizedRootGroup section */

/* Begin PBXFrameworksBuildPhase section */
		DAA35B632E6192FA008A980B /* Frameworks */ = {
			isa = PBXFrameworksBuildPhase;
			buildActionMask = 2147483647;
			files = (
			);
			runOnlyForDeploymentPostprocessing = 0;
		};
		DAA35B702E6192FC008A980B /* Frameworks */ = {
			isa = PBXFrameworksBuildPhase;
			buildActionMask = 2147483647;
			files = (
			);
			runOnlyForDeploymentPostprocessing = 0;
		};
		DAA35B7A2E6192FC008A980B /* Frameworks */ = {
			isa = PBXFrameworksBuildPhase;
			buildActionMask = 2147483647;
			files = (
			);
			runOnlyForDeploymentPostprocessing = 0;
		};
/* End PBXFrameworksBuildPhase section */

/* Begin PBXGroup section */
		DAA35B5D2E6192FA008A980B = {
			isa = PBXGroup;
			children = (
				DAA35B902E61934C008A980B /* Note.md */,
				DAA35B682E6192FA008A980B /* AlbumWidget */,
				DAA35B762E6192FC008A980B /* AlbumWidgetTests */,
				DAA35B802E6192FC008A980B /* AlbumWidgetUITests */,
				DAA35B672E6192FA008A980B /* Products */,
			);
			sourceTree = "<group>";
		};
		DAA35B672E6192FA008A980B /* Products */ = {
			isa = PBXGroup;
			children = (
				DAA35B662E6192FA008A980B /* AlbumWidget.app */,
				DAA35B732E6192FC008A980B /* AlbumWidgetTests.xctest */,
				DAA35B7D2E6192FC008A980B /* AlbumWidgetUITests.xctest */,
			);
			name = Products;
			sourceTree = "<group>";
		};
/* End PBXGroup section */

/* Begin PBXNativeTarget section */
		DAA35B652E6192FA008A980B /* AlbumWidget */ = {
			isa = PBXNativeTarget;
			buildConfigurationList = DAA35B872E6192FC008A980B /* Build configuration list for PBXNativeTarget "AlbumWidget" */;
			buildPhases = (
				DAA35B622E6192FA008A980B /* Sources */,
				DAA35B632E6192FA008A980B /* Frameworks */,
				DAA35B642E6192FA008A980B /* Resources */,
			);
			buildRules = (
			);
			dependencies = (
			);
			fileSystemSynchronizedGroups = (
				DAA35B682E6192FA008A980B /* AlbumWidget */,
			);
			name = AlbumWidget;
			packageProductDependencies = (
			);
			productName = AlbumWidget;
			productReference = DAA35B662E6192FA008A980B /* AlbumWidget.app */;
			productType = "com.apple.product-type.application";
		};
		DAA35B722E6192FC008A980B /* AlbumWidgetTests */ = {
			isa = PBXNativeTarget;
			buildConfigurationList = DAA35B8A2E6192FC008A980B /* Build configuration list for PBXNativeTarget "AlbumWidgetTests" */;
			buildPhases = (
				DAA35B6F2E6192FC008A980B /* Sources */,
				DAA35B702E6192FC008A980B /* Frameworks */,
				DAA35B712E6192FC008A980B /* Resources */,
			);
			buildRules = (
			);
			dependencies = (
				DAA35B752E6192FC008A980B /* PBXTargetDependency */,
			);
			fileSystemSynchronizedGroups = (
				DAA35B762E6192FC008A980B /* AlbumWidgetTests */,
			);
			name = AlbumWidgetTests;
			packageProductDependencies = (
			);
			productName = AlbumWidgetTests;
			productReference = DAA35B732E6192FC008A980B /* AlbumWidgetTests.xctest */;
			productType = "com.apple.product-type.bundle.unit-test";
		};
		DAA35B7C2E6192FC008A980B /* AlbumWidgetUITests */ = {
			isa = PBXNativeTarget;
			buildConfigurationList = DAA35B8D2E6192FC008A980B /* Build configuration list for PBXNativeTarget "AlbumWidgetUITests" */;
			buildPhases = (
				DAA35B792E6192FC008A980B /* Sources */,
				DAA35B7A2E6192FC008A980B /* Frameworks */,
				DAA35B7B2E6192FC008A980B /* Resources */,
			);
			buildRules = (
			);
			dependencies = (
				DAA35B7F2E6192FC008A980B /* PBXTargetDependency */,
			);
			fileSystemSynchronizedGroups = (
				DAA35B802E6192FC008A980B /* AlbumWidgetUITests */,
			);
			name = AlbumWidgetUITests;
			packageProductDependencies = (
			);
			productName = AlbumWidgetUITests;
			productReference = DAA35B7D2E6192FC008A980B /* AlbumWidgetUITests.xctest */;
			productType = "com.apple.product-type.bundle.ui-testing";
		};
/* End PBXNativeTarget section */

/* Begin PBXProject section */
		DAA35B5E2E6192FA008A980B /* Project object */ = {
			isa = PBXProject;
			attributes = {
				BuildIndependentTargetsInParallel = 1;
				LastSwiftUpdateCheck = 2600;
				LastUpgradeCheck = 2600;
				TargetAttributes = {
					DAA35B652E6192FA008A980B = {
						CreatedOnToolsVersion = 26.0;
					};
					DAA35B722E6192FC008A980B = {
						CreatedOnToolsVersion = 26.0;
						TestTargetID = DAA35B652E6192FA008A980B;
					};
					DAA35B7C2E6192FC008A980B = {
						CreatedOnToolsVersion = 26.0;
						TestTargetID = DAA35B652E6192FA008A980B;
					};
				};
			};
			buildConfigurationList = DAA35B612E6192FA008A980B /* Build configuration list for PBXProject "AlbumWidget" */;
			developmentRegion = en;
			hasScannedForEncodings = 0;
			knownRegions = (
				en,
				Base,
			);
			mainGroup = DAA35B5D2E6192FA008A980B;
			minimizedProjectReferenceProxies = 1;
			preferredProjectObjectVersion = 77;
			productRefGroup = DAA35B672E6192FA008A980B /* Products */;
			projectDirPath = "";
			projectRoot = "";
			targets = (
				DAA35B652E6192FA008A980B /* AlbumWidget */,
				DAA35B722E6192FC008A980B /* AlbumWidgetTests */,
				DAA35B7C2E6192FC008A980B /* AlbumWidgetUITests */,
			);
		};
/* End PBXProject section */

/* Begin PBXResourcesBuildPhase section */
		DAA35B642E6192FA008A980B /* Resources */ = {
			isa = PBXResourcesBuildPhase;
			buildActionMask = 2147483647;
			files = (
				DAA35B912E61934C008A980B /* Note.md in Resources */,
			);
			runOnlyForDeploymentPostprocessing = 0;
		};
		DAA35B712E6192FC008A980B /* Resources */ = {
			isa = PBXResourcesBuildPhase;
			buildActionMask = 2147483647;
			files = (
			);
			runOnlyForDeploymentPostprocessing = 0;
		};
		DAA35B7B2E6192FC008A980B /* Resources */ = {
			isa = PBXResourcesBuildPhase;
			buildActionMask = 2147483647;
			files = (
			);
			runOnlyForDeploymentPostprocessing = 0;
		};
/* End PBXResourcesBuildPhase section */

/* Begin PBXSourcesBuildPhase section */
		DAA35B622E6192FA008A980B /* Sources */ = {
			isa = PBXSourcesBuildPhase;
			buildActionMask = 2147483647;
			files = (
			);
			runOnlyForDeploymentPostprocessing = 0;
		};
		DAA35B6F2E6192FC008A980B /* Sources */ = {
			isa = PBXSourcesBuildPhase;
			buildActionMask = 2147483647;
			files = (
			);
			runOnlyForDeploymentPostprocessing = 0;
		};
		DAA35B792E6192FC008A980B /* Sources */ = {
			isa = PBXSourcesBuildPhase;
			buildActionMask = 2147483647;
			files = (
			);
			runOnlyForDeploymentPostprocessing = 0;
		};
/* End PBXSourcesBuildPhase section */

/* Begin PBXTargetDependency section */
		DAA35B752E6192FC008A980B /* PBXTargetDependency */ = {
			isa = PBXTargetDependency;
			target = DAA35B652E6192FA008A980B /* AlbumWidget */;
			targetProxy = DAA35B742E6192FC008A980B /* PBXContainerItemProxy */;
		};
		DAA35B7F2E6192FC008A980B /* PBXTargetDependency */ = {
			isa = PBXTargetDependency;
			target = DAA35B652E6192FA008A980B /* AlbumWidget */;
			targetProxy = DAA35B7E2E6192FC008A980B /* PBXContainerItemProxy */;
		};
/* End PBXTargetDependency section */

/* Begin XCBuildConfiguration section */
		DAA35B852E6192FC008A980B /* Debug */ = {
			isa = XCBuildConfiguration;
			buildSettings = {
				ALWAYS_SEARCH_USER_PATHS = NO;
				ASSETCATALOG_COMPILER_GENERATE_SWIFT_ASSET_SYMBOL_EXTENSIONS = YES;
				CLANG_ANALYZER_NONNULL = YES;
				CLANG_ANALYZER_NUMBER_OBJECT_CONVERSION = YES_AGGRESSIVE;
				CLANG_CXX_LANGUAGE_STANDARD = "gnu++20";
				CLANG_ENABLE_MODULES = YES;
				CLANG_ENABLE_OBJC_ARC = YES;
				CLANG_ENABLE_OBJC_WEAK = YES;
				CLANG_WARN_BLOCK_CAPTURE_AUTORELEASING = YES;
				CLANG_WARN_BOOL_CONVERSION = YES;
				CLANG_WARN_COMMA = YES;
				CLANG_WARN_CONSTANT_CONVERSION = YES;
				CLANG_WARN_DEPRECATED_OBJC_IMPLEMENTATIONS = YES;
				CLANG_WARN_DIRECT_OBJC_ISA_USAGE = YES_ERROR;
				CLANG_WARN_DOCUMENTATION_COMMENTS = YES;
				CLANG_WARN_EMPTY_BODY = YES;
				CLANG_WARN_ENUM_CONVERSION = YES;
				CLANG_WARN_INFINITE_RECURSION = YES;
				CLANG_WARN_INT_CONVERSION = YES;
				CLANG_WARN_NON_LITERAL_NULL_CONVERSION = YES;
				CLANG_WARN_OBJC_IMPLICIT_RETAIN_SELF = YES;
				CLANG_WARN_OBJC_LITERAL_CONVERSION = YES;
				CLANG_WARN_OBJC_ROOT_CLASS = YES_ERROR;
				CLANG_WARN_QUOTED_INCLUDE_IN_FRAMEWORK_HEADER = YES;
				CLANG_WARN_RANGE_LOOP_ANALYSIS = YES;
				CLANG_WARN_STRICT_PROTOTYPES = YES;
				CLANG_WARN_SUSPICIOUS_MOVE = YES;
				CLANG_WARN_UNGUARDED_AVAILABILITY = YES_AGGRESSIVE;
				CLANG_WARN_UNREACHABLE_CODE = YES;
				CLANG_WARN__DUPLICATE_METHOD_MATCH = YES;
				COPY_PHASE_STRIP = NO;
				DEBUG_INFORMATION_FORMAT = dwarf;
				DEVELOPMENT_TEAM = 4TJ7K2DH6D;
				ENABLE_STRICT_OBJC_MSGSEND = YES;
				ENABLE_TESTABILITY = YES;
				ENABLE_USER_SCRIPT_SANDBOXING = YES;
				GCC_C_LANGUAGE_STANDARD = gnu17;
				GCC_DYNAMIC_NO_PIC = NO;
				GCC_NO_COMMON_BLOCKS = YES;
				GCC_OPTIMIZATION_LEVEL = 0;
				GCC_PREPROCESSOR_DEFINITIONS = (
					"DEBUG=1",
					"$(inherited)",
				);
				GCC_WARN_64_TO_32_BIT_CONVERSION = YES;
				GCC_WARN_ABOUT_RETURN_TYPE = YES_ERROR;
				GCC_WARN_UNDECLARED_SELECTOR = YES;
				GCC_WARN_UNINITIALIZED_AUTOS = YES_AGGRESSIVE;
				GCC_WARN_UNUSED_FUNCTION = YES;
				GCC_WARN_UNUSED_VARIABLE = YES;
				IPHONEOS_DEPLOYMENT_TARGET = 26.0;
				LOCALIZATION_PREFERS_STRING_CATALOGS = YES;
				MTL_ENABLE_DEBUG_INFO = INCLUDE_SOURCE;
				MTL_FAST_MATH = YES;
				ONLY_ACTIVE_ARCH = YES;
				SDKROOT = iphoneos;
				SWIFT_ACTIVE_COMPILATION_CONDITIONS = "DEBUG $(inherited)";
				SWIFT_OPTIMIZATION_LEVEL = "-Onone";
			};
			name = Debug;
		};
		DAA35B862E6192FC008A980B /* Release */ = {
			isa = XCBuildConfiguration;
			buildSettings = {
				ALWAYS_SEARCH_USER_PATHS = NO;
				ASSETCATALOG_COMPILER_GENERATE_SWIFT_ASSET_SYMBOL_EXTENSIONS = YES;
				CLANG_ANALYZER_NONNULL = YES;
				CLANG_ANALYZER_NUMBER_OBJECT_CONVERSION = YES_AGGRESSIVE;
				CLANG_CXX_LANGUAGE_STANDARD = "gnu++20";
				CLANG_ENABLE_MODULES = YES;
				CLANG_ENABLE_OBJC_ARC = YES;
				CLANG_ENABLE_OBJC_WEAK = YES;
				CLANG_WARN_BLOCK_CAPTURE_AUTORELEASING = YES;
				CLANG_WARN_BOOL_CONVERSION = YES;
				CLANG_WARN_COMMA = YES;
				CLANG_WARN_CONSTANT_CONVERSION = YES;
				CLANG_WARN_DEPRECATED_OBJC_IMPLEMENTATIONS = YES;
				CLANG_WARN_DIRECT_OBJC_ISA_USAGE = YES_ERROR;
				CLANG_WARN_DOCUMENTATION_COMMENTS = YES;
				CLANG_WARN_EMPTY_BODY = YES;
				CLANG_WARN_ENUM_CONVERSION = YES;
				CLANG_WARN_INFINITE_RECURSION = YES;
				CLANG_WARN_INT_CONVERSION = YES;
				CLANG_WARN_NON_LITERAL_NULL_CONVERSION = YES;
				CLANG_WARN_OBJC_IMPLICIT_RETAIN_SELF = YES;
				CLANG_WARN_OBJC_LITERAL_CONVERSION = YES;
				CLANG_WARN_OBJC_ROOT_CLASS = YES_ERROR;
				CLANG_WARN_QUOTED_INCLUDE_IN_FRAMEWORK_HEADER = YES;
				CLANG_WARN_RANGE_LOOP_ANALYSIS = YES;
				CLANG_WARN_STRICT_PROTOTYPES = YES;
				CLANG_WARN_SUSPICIOUS_MOVE = YES;
				CLANG_WARN_UNGUARDED_AVAILABILITY = YES_AGGRESSIVE;
				CLANG_WARN_UNREACHABLE_CODE = YES;
				CLANG_WARN__DUPLICATE_METHOD_MATCH = YES;
				COPY_PHASE_STRIP = NO;
				DEBUG_INFORMATION_FORMAT = "dwarf-with-dsym";
				DEVELOPMENT_TEAM = 4TJ7K2DH6D;
				ENABLE_NS_ASSERTIONS = NO;
				ENABLE_STRICT_OBJC_MSGSEND = YES;
				ENABLE_USER_SCRIPT_SANDBOXING = YES;
				GCC_C_LANGUAGE_STANDARD = gnu17;
				GCC_NO_COMMON_BLOCKS = YES;
				GCC_WARN_64_TO_32_BIT_CONVERSION = YES;
				GCC_WARN_ABOUT_RETURN_TYPE = YES_ERROR;
				GCC_WARN_UNDECLARED_SELECTOR = YES;
				GCC_WARN_UNINITIALIZED_AUTOS = YES_AGGRESSIVE;
				GCC_WARN_UNUSED_FUNCTION = YES;
				GCC_WARN_UNUSED_VARIABLE = YES;
				IPHONEOS_DEPLOYMENT_TARGET = 26.0;
				LOCALIZATION_PREFERS_STRING_CATALOGS = YES;
				MTL_ENABLE_DEBUG_INFO = NO;
				MTL_FAST_MATH = YES;
				SDKROOT = iphoneos;
				SWIFT_COMPILATION_MODE = wholemodule;
				VALIDATE_PRODUCT = YES;
			};
			name = Release;
		};
		DAA35B882E6192FC008A980B /* Debug */ = {
			isa = XCBuildConfiguration;
			buildSettings = {
				ASSETCATALOG_COMPILER_APPICON_NAME = AppIcon;
				ASSETCATALOG_COMPILER_GLOBAL_ACCENT_COLOR_NAME = AccentColor;
				CODE_SIGN_STYLE = Automatic;
				CURRENT_PROJECT_VERSION = 1;
				DEVELOPMENT_TEAM = 4TJ7K2DH6D;
				ENABLE_PREVIEWS = YES;
				GENERATE_INFOPLIST_FILE = YES;
				INFOPLIST_FILE = AlbumWidget/Info.plist;
				INFOPLIST_KEY_NSAppleMusicUsageDescription = "此应用需要访问您的音乐库来创建个性化的相册小部件，展示您喜爱的音乐封面。";
				INFOPLIST_KEY_UIApplicationSceneManifest_Generation = YES;
				INFOPLIST_KEY_UIApplicationSupportsIndirectInputEvents = YES;
				INFOPLIST_KEY_UILaunchScreen_Generation = YES;
				INFOPLIST_KEY_UISupportedInterfaceOrientations_iPad = "UIInterfaceOrientationPortrait UIInterfaceOrientationPortraitUpsideDown UIInterfaceOrientationLandscapeLeft UIInterfaceOrientationLandscapeRight";
				INFOPLIST_KEY_UISupportedInterfaceOrientations_iPhone = "UIInterfaceOrientationPortrait UIInterfaceOrientationLandscapeLeft UIInterfaceOrientationLandscapeRight";
				LD_RUNPATH_SEARCH_PATHS = (
					"$(inherited)",
					"@executable_path/Frameworks",
				);
				MARKETING_VERSION = 1.0;
				PRODUCT_BUNDLE_IDENTIFIER = com.masonsun.AlbumWidget;
				PRODUCT_NAME = "$(TARGET_NAME)";
				STRING_CATALOG_GENERATE_SYMBOLS = YES;
				SWIFT_APPROACHABLE_CONCURRENCY = YES;
				SWIFT_DEFAULT_ACTOR_ISOLATION = MainActor;
				SWIFT_EMIT_LOC_STRINGS = YES;
				SWIFT_UPCOMING_FEATURE_MEMBER_IMPORT_VISIBILITY = YES;
				SWIFT_VERSION = 5.0;
				TARGETED_DEVICE_FAMILY = "1,2";
			};
			name = Debug;
		};
		DAA35B892E6192FC008A980B /* Release */ = {
			isa = XCBuildConfiguration;
			buildSettings = {
				ASSETCATALOG_COMPILER_APPICON_NAME = AppIcon;
				ASSETCATALOG_COMPILER_GLOBAL_ACCENT_COLOR_NAME = AccentColor;
				CODE_SIGN_STYLE = Automatic;
				CURRENT_PROJECT_VERSION = 1;
				DEVELOPMENT_TEAM = 4TJ7K2DH6D;
				ENABLE_PREVIEWS = YES;
				GENERATE_INFOPLIST_FILE = YES;
				INFOPLIST_FILE = AlbumWidget/Info.plist;
				INFOPLIST_KEY_NSAppleMusicUsageDescription = "此应用需要访问您的音乐库来创建个性化的相册小部件，展示您喜爱的音乐封面。";
				INFOPLIST_KEY_UIApplicationSceneManifest_Generation = YES;
				INFOPLIST_KEY_UIApplicationSupportsIndirectInputEvents = YES;
				INFOPLIST_KEY_UILaunchScreen_Generation = YES;
				INFOPLIST_KEY_UISupportedInterfaceOrientations_iPad = "UIInterfaceOrientationPortrait UIInterfaceOrientationPortraitUpsideDown UIInterfaceOrientationLandscapeLeft UIInterfaceOrientationLandscapeRight";
				INFOPLIST_KEY_UISupportedInterfaceOrientations_iPhone = "UIInterfaceOrientationPortrait UIInterfaceOrientationLandscapeLeft UIInterfaceOrientationLandscapeRight";
				LD_RUNPATH_SEARCH_PATHS = (
					"$(inherited)",
					"@executable_path/Frameworks",
				);
				MARKETING_VERSION = 1.0;
				PRODUCT_BUNDLE_IDENTIFIER = com.masonsun.AlbumWidget;
				PRODUCT_NAME = "$(TARGET_NAME)";
				STRING_CATALOG_GENERATE_SYMBOLS = YES;
				SWIFT_APPROACHABLE_CONCURRENCY = YES;
				SWIFT_DEFAULT_ACTOR_ISOLATION = MainActor;
				SWIFT_EMIT_LOC_STRINGS = YES;
				SWIFT_UPCOMING_FEATURE_MEMBER_IMPORT_VISIBILITY = YES;
				SWIFT_VERSION = 5.0;
				TARGETED_DEVICE_FAMILY = "1,2";
			};
			name = Release;
		};
		DAA35B8B2E6192FC008A980B /* Debug */ = {
			isa = XCBuildConfiguration;
			buildSettings = {
				BUNDLE_LOADER = "$(TEST_HOST)";
				CODE_SIGN_STYLE = Automatic;
				CURRENT_PROJECT_VERSION = 1;
				DEVELOPMENT_TEAM = 4TJ7K2DH6D;
				GENERATE_INFOPLIST_FILE = YES;
				IPHONEOS_DEPLOYMENT_TARGET = 26.0;
				MARKETING_VERSION = 1.0;
				PRODUCT_BUNDLE_IDENTIFIER = com.masonsun.AlbumWidgetTests;
				PRODUCT_NAME = "$(TARGET_NAME)";
				STRING_CATALOG_GENERATE_SYMBOLS = NO;
				SWIFT_APPROACHABLE_CONCURRENCY = YES;
				SWIFT_EMIT_LOC_STRINGS = NO;
				SWIFT_UPCOMING_FEATURE_MEMBER_IMPORT_VISIBILITY = YES;
				SWIFT_VERSION = 5.0;
				TARGETED_DEVICE_FAMILY = "1,2";
				TEST_HOST = "$(BUILT_PRODUCTS_DIR)/AlbumWidget.app/$(BUNDLE_EXECUTABLE_FOLDER_PATH)/AlbumWidget";
			};
			name = Debug;
		};
		DAA35B8C2E6192FC008A980B /* Release */ = {
			isa = XCBuildConfiguration;
			buildSettings = {
				BUNDLE_LOADER = "$(TEST_HOST)";
				CODE_SIGN_STYLE = Automatic;
				CURRENT_PROJECT_VERSION = 1;
				DEVELOPMENT_TEAM = 4TJ7K2DH6D;
				GENERATE_INFOPLIST_FILE = YES;
				IPHONEOS_DEPLOYMENT_TARGET = 26.0;
				MARKETING_VERSION = 1.0;
				PRODUCT_BUNDLE_IDENTIFIER = com.masonsun.AlbumWidgetTests;
				PRODUCT_NAME = "$(TARGET_NAME)";
				STRING_CATALOG_GENERATE_SYMBOLS = NO;
				SWIFT_APPROACHABLE_CONCURRENCY = YES;
				SWIFT_EMIT_LOC_STRINGS = NO;
				SWIFT_UPCOMING_FEATURE_MEMBER_IMPORT_VISIBILITY = YES;
				SWIFT_VERSION = 5.0;
				TARGETED_DEVICE_FAMILY = "1,2";
				TEST_HOST = "$(BUILT_PRODUCTS_DIR)/AlbumWidget.app/$(BUNDLE_EXECUTABLE_FOLDER_PATH)/AlbumWidget";
			};
			name = Release;
		};
		DAA35B8E2E6192FC008A980B /* Debug */ = {
			isa = XCBuildConfiguration;
			buildSettings = {
				CODE_SIGN_STYLE = Automatic;
				CURRENT_PROJECT_VERSION = 1;
				DEVELOPMENT_TEAM = 4TJ7K2DH6D;
				GENERATE_INFOPLIST_FILE = YES;
				MARKETING_VERSION = 1.0;
				PRODUCT_BUNDLE_IDENTIFIER = com.masonsun.AlbumWidgetUITests;
				PRODUCT_NAME = "$(TARGET_NAME)";
				STRING_CATALOG_GENERATE_SYMBOLS = NO;
				SWIFT_APPROACHABLE_CONCURRENCY = YES;
				SWIFT_EMIT_LOC_STRINGS = NO;
				SWIFT_UPCOMING_FEATURE_MEMBER_IMPORT_VISIBILITY = YES;
				SWIFT_VERSION = 5.0;
				TARGETED_DEVICE_FAMILY = "1,2";
				TEST_TARGET_NAME = AlbumWidget;
			};
			name = Debug;
		};
		DAA35B8F2E6192FC008A980B /* Release */ = {
			isa = XCBuildConfiguration;
			buildSettings = {
				CODE_SIGN_STYLE = Automatic;
				CURRENT_PROJECT_VERSION = 1;
				DEVELOPMENT_TEAM = 4TJ7K2DH6D;
				GENERATE_INFOPLIST_FILE = YES;
				MARKETING_VERSION = 1.0;
				PRODUCT_BUNDLE_IDENTIFIER = com.masonsun.AlbumWidgetUITests;
				PRODUCT_NAME = "$(TARGET_NAME)";
				STRING_CATALOG_GENERATE_SYMBOLS = NO;
				SWIFT_APPROACHABLE_CONCURRENCY = YES;
				SWIFT_EMIT_LOC_STRINGS = NO;
				SWIFT_UPCOMING_FEATURE_MEMBER_IMPORT_VISIBILITY = YES;
				SWIFT_VERSION = 5.0;
				TARGETED_DEVICE_FAMILY = "1,2";
				TEST_TARGET_NAME = AlbumWidget;
			};
			name = Release;
		};
/* End XCBuildConfiguration section */

/* Begin XCConfigurationList section */
		DAA35B612E6192FA008A980B /* Build configuration list for PBXProject "AlbumWidget" */ = {
			isa = XCConfigurationList;
			buildConfigurations = (
				DAA35B852E6192FC008A980B /* Debug */,
				DAA35B862E6192FC008A980B /* Release */,
			);
			defaultConfigurationIsVisible = 0;
			defaultConfigurationName = Release;
		};
		DAA35B872E6192FC008A980B /* Build configuration list for PBXNativeTarget "AlbumWidget" */ = {
			isa = XCConfigurationList;
			buildConfigurations = (
				DAA35B882E6192FC008A980B /* Debug */,
				DAA35B892E6192FC008A980B /* Release */,
			);
			defaultConfigurationIsVisible = 0;
			defaultConfigurationName = Release;
		};
		DAA35B8A2E6192FC008A980B /* Build configuration list for PBXNativeTarget "AlbumWidgetTests" */ = {
			isa = XCConfigurationList;
			buildConfigurations = (
				DAA35B8B2E6192FC008A980B /* Debug */,
				DAA35B8C2E6192FC008A980B /* Release */,
			);
			defaultConfigurationIsVisible = 0;
			defaultConfigurationName = Release;
		};
		DAA35B8D2E6192FC008A980B /* Build configuration list for PBXNativeTarget "AlbumWidgetUITests" */ = {
			isa = XCConfigurationList;
			buildConfigurations = (
				DAA35B8E2E6192FC008A980B /* Debug */,
				DAA35B8F2E6192FC008A980B /* Release */,
			);
			defaultConfigurationIsVisible = 0;
			defaultConfigurationName = Release;
		};
/* End XCConfigurationList section */
	};
	rootObject = DAA35B5E2E6192FA008A980B /* Project object */;
}
