// !$*UTF8*$!
{
	archiveVersion = 1;
	classes = {
	};
	objectVersion = 77;
	objects = {

/* Begin PBXBuildFile section */
		DA31A8542E1125F80056579D /* Notes.md in Resources */ = {isa = PBXBuildFile; fileRef = DA31A8532E1125F80056579D /* Notes.md */; };
		DAD1F3CE2E1BE87D00F54117 /* AppIcon.icon in Resources */ = {isa = PBXBuildFile; fileRef = DAD1F3CD2E1BE87D00F54117 /* AppIcon.icon */; };
/* End PBXBuildFile section */

/* Begin PBXContainerItemProxy section */
		DA31A8352E11251C0056579D /* PBXContainerItemProxy */ = {
			isa = PBXContainerItemProxy;
			containerPortal = DA31A81F2E11251A0056579D /* Project object */;
			proxyType = 1;
			remoteGlobalIDString = DA31A8262E11251A0056579D;
			remoteInfo = AppStoreTutorial;
		};
		DA31A83F2E11251C0056579D /* PBXContainerItemProxy */ = {
			isa = PBXContainerItemProxy;
			containerPortal = DA31A81F2E11251A0056579D /* Project object */;
			proxyType = 1;
			remoteGlobalIDString = DA31A8262E11251A0056579D;
			remoteInfo = AppStoreTutorial;
		};
/* End PBXContainerItemProxy section */

/* Begin PBXFileReference section */
		DA31A8272E11251A0056579D /* AppStoreTutorial.app */ = {isa = PBXFileReference; explicitFileType = wrapper.application; includeInIndex = 0; path = AppStoreTutorial.app; sourceTree = BUILT_PRODUCTS_DIR; };
		DA31A8342E11251C0056579D /* AppStoreTutorialTests.xctest */ = {isa = PBXFileReference; explicitFileType = wrapper.cfbundle; includeInIndex = 0; path = AppStoreTutorialTests.xctest; sourceTree = BUILT_PRODUCTS_DIR; };
		DA31A83E2E11251C0056579D /* AppStoreTutorialUITests.xctest */ = {isa = PBXFileReference; explicitFileType = wrapper.cfbundle; includeInIndex = 0; path = AppStoreTutorialUITests.xctest; sourceTree = BUILT_PRODUCTS_DIR; };
		DA31A8532E1125F80056579D /* Notes.md */ = {isa = PBXFileReference; lastKnownFileType = net.daringfireball.markdown; path = Notes.md; sourceTree = "<group>"; };
		DAD1F3CD2E1BE87D00F54117 /* AppIcon.icon */ = {isa = PBXFileReference; lastKnownFileType = folder.iconcomposer.icon; path = AppIcon.icon; sourceTree = "<group>"; };
/* End PBXFileReference section */

/* Begin PBXFileSystemSynchronizedRootGroup section */
		DA31A8292E11251A0056579D /* AppStoreTutorial */ = {
			isa = PBXFileSystemSynchronizedRootGroup;
			path = AppStoreTutorial;
			sourceTree = "<group>";
		};
		DA31A8372E11251C0056579D /* AppStoreTutorialTests */ = {
			isa = PBXFileSystemSynchronizedRootGroup;
			path = AppStoreTutorialTests;
			sourceTree = "<group>";
		};
		DA31A8412E11251C0056579D /* AppStoreTutorialUITests */ = {
			isa = PBXFileSystemSynchronizedRootGroup;
			path = AppStoreTutorialUITests;
			sourceTree = "<group>";
		};
/* End PBXFileSystemSynchronizedRootGroup section */

/* Begin PBXFrameworksBuildPhase section */
		DA31A8242E11251A0056579D /* Frameworks */ = {
			isa = PBXFrameworksBuildPhase;
			buildActionMask = 2147483647;
			files = (
			);
			runOnlyForDeploymentPostprocessing = 0;
		};
		DA31A8312E11251C0056579D /* Frameworks */ = {
			isa = PBXFrameworksBuildPhase;
			buildActionMask = 2147483647;
			files = (
			);
			runOnlyForDeploymentPostprocessing = 0;
		};
		DA31A83B2E11251C0056579D /* Frameworks */ = {
			isa = PBXFrameworksBuildPhase;
			buildActionMask = 2147483647;
			files = (
			);
			runOnlyForDeploymentPostprocessing = 0;
		};
/* End PBXFrameworksBuildPhase section */

/* Begin PBXGroup section */
		DA31A81E2E11251A0056579D = {
			isa = PBXGroup;
			children = (
				DAD1F3CD2E1BE87D00F54117 /* AppIcon.icon */,
				DA31A8532E1125F80056579D /* Notes.md */,
				DA31A8292E11251A0056579D /* AppStoreTutorial */,
				DA31A8372E11251C0056579D /* AppStoreTutorialTests */,
				DA31A8412E11251C0056579D /* AppStoreTutorialUITests */,
				DA31A8282E11251A0056579D /* Products */,
			);
			sourceTree = "<group>";
		};
		DA31A8282E11251A0056579D /* Products */ = {
			isa = PBXGroup;
			children = (
				DA31A8272E11251A0056579D /* AppStoreTutorial.app */,
				DA31A8342E11251C0056579D /* AppStoreTutorialTests.xctest */,
				DA31A83E2E11251C0056579D /* AppStoreTutorialUITests.xctest */,
			);
			name = Products;
			sourceTree = "<group>";
		};
/* End PBXGroup section */

/* Begin PBXNativeTarget section */
		DA31A8262E11251A0056579D /* AppStoreTutorial */ = {
			isa = PBXNativeTarget;
			buildConfigurationList = DA31A8482E11251C0056579D /* Build configuration list for PBXNativeTarget "AppStoreTutorial" */;
			buildPhases = (
				DA31A8232E11251A0056579D /* Sources */,
				DA31A8242E11251A0056579D /* Frameworks */,
				DA31A8252E11251A0056579D /* Resources */,
			);
			buildRules = (
			);
			dependencies = (
			);
			fileSystemSynchronizedGroups = (
				DA31A8292E11251A0056579D /* AppStoreTutorial */,
			);
			name = AppStoreTutorial;
			packageProductDependencies = (
			);
			productName = AppStoreTutorial;
			productReference = DA31A8272E11251A0056579D /* AppStoreTutorial.app */;
			productType = "com.apple.product-type.application";
		};
		DA31A8332E11251C0056579D /* AppStoreTutorialTests */ = {
			isa = PBXNativeTarget;
			buildConfigurationList = DA31A84B2E11251C0056579D /* Build configuration list for PBXNativeTarget "AppStoreTutorialTests" */;
			buildPhases = (
				DA31A8302E11251C0056579D /* Sources */,
				DA31A8312E11251C0056579D /* Frameworks */,
				DA31A8322E11251C0056579D /* Resources */,
			);
			buildRules = (
			);
			dependencies = (
				DA31A8362E11251C0056579D /* PBXTargetDependency */,
			);
			fileSystemSynchronizedGroups = (
				DA31A8372E11251C0056579D /* AppStoreTutorialTests */,
			);
			name = AppStoreTutorialTests;
			packageProductDependencies = (
			);
			productName = AppStoreTutorialTests;
			productReference = DA31A8342E11251C0056579D /* AppStoreTutorialTests.xctest */;
			productType = "com.apple.product-type.bundle.unit-test";
		};
		DA31A83D2E11251C0056579D /* AppStoreTutorialUITests */ = {
			isa = PBXNativeTarget;
			buildConfigurationList = DA31A84E2E11251C0056579D /* Build configuration list for PBXNativeTarget "AppStoreTutorialUITests" */;
			buildPhases = (
				DA31A83A2E11251C0056579D /* Sources */,
				DA31A83B2E11251C0056579D /* Frameworks */,
				DA31A83C2E11251C0056579D /* Resources */,
			);
			buildRules = (
			);
			dependencies = (
				DA31A8402E11251C0056579D /* PBXTargetDependency */,
			);
			fileSystemSynchronizedGroups = (
				DA31A8412E11251C0056579D /* AppStoreTutorialUITests */,
			);
			name = AppStoreTutorialUITests;
			packageProductDependencies = (
			);
			productName = AppStoreTutorialUITests;
			productReference = DA31A83E2E11251C0056579D /* AppStoreTutorialUITests.xctest */;
			productType = "com.apple.product-type.bundle.ui-testing";
		};
/* End PBXNativeTarget section */

/* Begin PBXProject section */
		DA31A81F2E11251A0056579D /* Project object */ = {
			isa = PBXProject;
			attributes = {
				BuildIndependentTargetsInParallel = 1;
				LastSwiftUpdateCheck = 1640;
				LastUpgradeCheck = 2600;
				TargetAttributes = {
					DA31A8262E11251A0056579D = {
						CreatedOnToolsVersion = 16.4;
					};
					DA31A8332E11251C0056579D = {
						CreatedOnToolsVersion = 16.4;
						TestTargetID = DA31A8262E11251A0056579D;
					};
					DA31A83D2E11251C0056579D = {
						CreatedOnToolsVersion = 16.4;
						TestTargetID = DA31A8262E11251A0056579D;
					};
				};
			};
			buildConfigurationList = DA31A8222E11251A0056579D /* Build configuration list for PBXProject "AppStoreTutorial" */;
			developmentRegion = en;
			hasScannedForEncodings = 0;
			knownRegions = (
				en,
				Base,
				"zh-Hans",
				fr,
			);
			mainGroup = DA31A81E2E11251A0056579D;
			minimizedProjectReferenceProxies = 1;
			preferredProjectObjectVersion = 77;
			productRefGroup = DA31A8282E11251A0056579D /* Products */;
			projectDirPath = "";
			projectRoot = "";
			targets = (
				DA31A8262E11251A0056579D /* AppStoreTutorial */,
				DA31A8332E11251C0056579D /* AppStoreTutorialTests */,
				DA31A83D2E11251C0056579D /* AppStoreTutorialUITests */,
			);
		};
/* End PBXProject section */

/* Begin PBXResourcesBuildPhase section */
		DA31A8252E11251A0056579D /* Resources */ = {
			isa = PBXResourcesBuildPhase;
			buildActionMask = 2147483647;
			files = (
				DA31A8542E1125F80056579D /* Notes.md in Resources */,
				DAD1F3CE2E1BE87D00F54117 /* AppIcon.icon in Resources */,
			);
			runOnlyForDeploymentPostprocessing = 0;
		};
		DA31A8322E11251C0056579D /* Resources */ = {
			isa = PBXResourcesBuildPhase;
			buildActionMask = 2147483647;
			files = (
			);
			runOnlyForDeploymentPostprocessing = 0;
		};
		DA31A83C2E11251C0056579D /* Resources */ = {
			isa = PBXResourcesBuildPhase;
			buildActionMask = 2147483647;
			files = (
			);
			runOnlyForDeploymentPostprocessing = 0;
		};
/* End PBXResourcesBuildPhase section */

/* Begin PBXSourcesBuildPhase section */
		DA31A8232E11251A0056579D /* Sources */ = {
			isa = PBXSourcesBuildPhase;
			buildActionMask = 2147483647;
			files = (
			);
			runOnlyForDeploymentPostprocessing = 0;
		};
		DA31A8302E11251C0056579D /* Sources */ = {
			isa = PBXSourcesBuildPhase;
			buildActionMask = 2147483647;
			files = (
			);
			runOnlyForDeploymentPostprocessing = 0;
		};
		DA31A83A2E11251C0056579D /* Sources */ = {
			isa = PBXSourcesBuildPhase;
			buildActionMask = 2147483647;
			files = (
			);
			runOnlyForDeploymentPostprocessing = 0;
		};
/* End PBXSourcesBuildPhase section */

/* Begin PBXTargetDependency section */
		DA31A8362E11251C0056579D /* PBXTargetDependency */ = {
			isa = PBXTargetDependency;
			target = DA31A8262E11251A0056579D /* AppStoreTutorial */;
			targetProxy = DA31A8352E11251C0056579D /* PBXContainerItemProxy */;
		};
		DA31A8402E11251C0056579D /* PBXTargetDependency */ = {
			isa = PBXTargetDependency;
			target = DA31A8262E11251A0056579D /* AppStoreTutorial */;
			targetProxy = DA31A83F2E11251C0056579D /* PBXContainerItemProxy */;
		};
/* End PBXTargetDependency section */

/* Begin XCBuildConfiguration section */
		DA31A8462E11251C0056579D /* Debug */ = {
			isa = XCBuildConfiguration;
			buildSettings = {
				ALWAYS_SEARCH_USER_PATHS = NO;
				ASSETCATALOG_COMPILER_GENERATE_SWIFT_ASSET_SYMBOL_EXTENSIONS = YES;
				CLANG_ANALYZER_LOCALIZABILITY_NONLOCALIZED = YES;
				CLANG_ANALYZER_NONNULL = YES;
				CLANG_ANALYZER_NUMBER_OBJECT_CONVERSION = YES_AGGRESSIVE;
				CLANG_CXX_LANGUAGE_STANDARD = "gnu++20";
				CLANG_ENABLE_MODULES = YES;
				CLANG_ENABLE_OBJC_ARC = YES;
				CLANG_ENABLE_OBJC_WEAK = YES;
				CLANG_WARN_BLOCK_CAPTURE_AUTORELEASING = YES;
				CLANG_WARN_BOOL_CONVERSION = YES;
				CLANG_WARN_COMMA = YES;
				CLANG_WARN_CONSTANT_CONVERSION = YES;
				CLANG_WARN_DEPRECATED_OBJC_IMPLEMENTATIONS = YES;
				CLANG_WARN_DIRECT_OBJC_ISA_USAGE = YES_ERROR;
				CLANG_WARN_DOCUMENTATION_COMMENTS = YES;
				CLANG_WARN_EMPTY_BODY = YES;
				CLANG_WARN_ENUM_CONVERSION = YES;
				CLANG_WARN_INFINITE_RECURSION = YES;
				CLANG_WARN_INT_CONVERSION = YES;
				CLANG_WARN_NON_LITERAL_NULL_CONVERSION = YES;
				CLANG_WARN_OBJC_IMPLICIT_RETAIN_SELF = YES;
				CLANG_WARN_OBJC_LITERAL_CONVERSION = YES;
				CLANG_WARN_OBJC_ROOT_CLASS = YES_ERROR;
				CLANG_WARN_QUOTED_INCLUDE_IN_FRAMEWORK_HEADER = YES;
				CLANG_WARN_RANGE_LOOP_ANALYSIS = YES;
				CLANG_WARN_STRICT_PROTOTYPES = YES;
				CLANG_WARN_SUSPICIOUS_MOVE = YES;
				CLANG_WARN_UNGUARDED_AVAILABILITY = YES_AGGRESSIVE;
				CLANG_WARN_UNREACHABLE_CODE = YES;
				CLANG_WARN__DUPLICATE_METHOD_MATCH = YES;
				COPY_PHASE_STRIP = NO;
				DEBUG_INFORMATION_FORMAT = dwarf;
				DEVELOPMENT_TEAM = 4TJ7K2DH6D;
				ENABLE_STRICT_OBJC_MSGSEND = YES;
				ENABLE_TESTABILITY = YES;
				ENABLE_USER_SCRIPT_SANDBOXING = YES;
				GCC_C_LANGUAGE_STANDARD = gnu17;
				GCC_DYNAMIC_NO_PIC = NO;
				GCC_NO_COMMON_BLOCKS = YES;
				GCC_OPTIMIZATION_LEVEL = 0;
				GCC_PREPROCESSOR_DEFINITIONS = (
					"DEBUG=1",
					"$(inherited)",
				);
				GCC_WARN_64_TO_32_BIT_CONVERSION = YES;
				GCC_WARN_ABOUT_RETURN_TYPE = YES_ERROR;
				GCC_WARN_UNDECLARED_SELECTOR = YES;
				GCC_WARN_UNINITIALIZED_AUTOS = YES_AGGRESSIVE;
				GCC_WARN_UNUSED_FUNCTION = YES;
				GCC_WARN_UNUSED_VARIABLE = YES;
				INFOPLIST_KEY_CFBundleDisplayName = "My Apps";
				IPHONEOS_DEPLOYMENT_TARGET = 18.5;
				LOCALIZATION_PREFERS_STRING_CATALOGS = YES;
				MTL_ENABLE_DEBUG_INFO = INCLUDE_SOURCE;
				MTL_FAST_MATH = YES;
				ONLY_ACTIVE_ARCH = YES;
				SDKROOT = iphoneos;
				STRING_CATALOG_GENERATE_SYMBOLS = YES;
				SWIFT_ACTIVE_COMPILATION_CONDITIONS = "DEBUG $(inherited)";
				SWIFT_EMIT_LOC_STRINGS = YES;
				SWIFT_OPTIMIZATION_LEVEL = "-Onone";
			};
			name = Debug;
		};
		DA31A8472E11251C0056579D /* Release */ = {
			isa = XCBuildConfiguration;
			buildSettings = {
				ALWAYS_SEARCH_USER_PATHS = NO;
				ASSETCATALOG_COMPILER_GENERATE_SWIFT_ASSET_SYMBOL_EXTENSIONS = YES;
				CLANG_ANALYZER_LOCALIZABILITY_NONLOCALIZED = YES;
				CLANG_ANALYZER_NONNULL = YES;
				CLANG_ANALYZER_NUMBER_OBJECT_CONVERSION = YES_AGGRESSIVE;
				CLANG_CXX_LANGUAGE_STANDARD = "gnu++20";
				CLANG_ENABLE_MODULES = YES;
				CLANG_ENABLE_OBJC_ARC = YES;
				CLANG_ENABLE_OBJC_WEAK = YES;
				CLANG_WARN_BLOCK_CAPTURE_AUTORELEASING = YES;
				CLANG_WARN_BOOL_CONVERSION = YES;
				CLANG_WARN_COMMA = YES;
				CLANG_WARN_CONSTANT_CONVERSION = YES;
				CLANG_WARN_DEPRECATED_OBJC_IMPLEMENTATIONS = YES;
				CLANG_WARN_DIRECT_OBJC_ISA_USAGE = YES_ERROR;
				CLANG_WARN_DOCUMENTATION_COMMENTS = YES;
				CLANG_WARN_EMPTY_BODY = YES;
				CLANG_WARN_ENUM_CONVERSION = YES;
				CLANG_WARN_INFINITE_RECURSION = YES;
				CLANG_WARN_INT_CONVERSION = YES;
				CLANG_WARN_NON_LITERAL_NULL_CONVERSION = YES;
				CLANG_WARN_OBJC_IMPLICIT_RETAIN_SELF = YES;
				CLANG_WARN_OBJC_LITERAL_CONVERSION = YES;
				CLANG_WARN_OBJC_ROOT_CLASS = YES_ERROR;
				CLANG_WARN_QUOTED_INCLUDE_IN_FRAMEWORK_HEADER = YES;
				CLANG_WARN_RANGE_LOOP_ANALYSIS = YES;
				CLANG_WARN_STRICT_PROTOTYPES = YES;
				CLANG_WARN_SUSPICIOUS_MOVE = YES;
				CLANG_WARN_UNGUARDED_AVAILABILITY = YES_AGGRESSIVE;
				CLANG_WARN_UNREACHABLE_CODE = YES;
				CLANG_WARN__DUPLICATE_METHOD_MATCH = YES;
				COPY_PHASE_STRIP = NO;
				DEBUG_INFORMATION_FORMAT = "dwarf-with-dsym";
				DEVELOPMENT_TEAM = 4TJ7K2DH6D;
				ENABLE_NS_ASSERTIONS = NO;
				ENABLE_STRICT_OBJC_MSGSEND = YES;
				ENABLE_USER_SCRIPT_SANDBOXING = YES;
				GCC_C_LANGUAGE_STANDARD = gnu17;
				GCC_NO_COMMON_BLOCKS = YES;
				GCC_WARN_64_TO_32_BIT_CONVERSION = YES;
				GCC_WARN_ABOUT_RETURN_TYPE = YES_ERROR;
				GCC_WARN_UNDECLARED_SELECTOR = YES;
				GCC_WARN_UNINITIALIZED_AUTOS = YES_AGGRESSIVE;
				GCC_WARN_UNUSED_FUNCTION = YES;
				GCC_WARN_UNUSED_VARIABLE = YES;
				INFOPLIST_KEY_CFBundleDisplayName = "My Apps";
				IPHONEOS_DEPLOYMENT_TARGET = 18.5;
				LOCALIZATION_PREFERS_STRING_CATALOGS = YES;
				MTL_ENABLE_DEBUG_INFO = NO;
				MTL_FAST_MATH = YES;
				SDKROOT = iphoneos;
				STRING_CATALOG_GENERATE_SYMBOLS = YES;
				SWIFT_COMPILATION_MODE = wholemodule;
				SWIFT_EMIT_LOC_STRINGS = YES;
				VALIDATE_PRODUCT = YES;
			};
			name = Release;
		};
		DA31A8492E11251C0056579D /* Debug */ = {
			isa = XCBuildConfiguration;
			buildSettings = {
				ASSETCATALOG_COMPILER_APPICON_NAME = AppIcon;
				ASSETCATALOG_COMPILER_GLOBAL_ACCENT_COLOR_NAME = AccentColor;
				CODE_SIGN_STYLE = Automatic;
				CURRENT_PROJECT_VERSION = 1;
				DEVELOPMENT_TEAM = 4TJ7K2DH6D;
				ENABLE_PREVIEWS = YES;
				GENERATE_INFOPLIST_FILE = YES;
				INFOPLIST_KEY_UIApplicationSceneManifest_Generation = YES;
				INFOPLIST_KEY_UIApplicationSupportsIndirectInputEvents = YES;
				INFOPLIST_KEY_UILaunchScreen_Generation = YES;
				INFOPLIST_KEY_UISupportedInterfaceOrientations_iPad = "UIInterfaceOrientationPortrait UIInterfaceOrientationPortraitUpsideDown UIInterfaceOrientationLandscapeLeft UIInterfaceOrientationLandscapeRight";
				INFOPLIST_KEY_UISupportedInterfaceOrientations_iPhone = "UIInterfaceOrientationPortrait UIInterfaceOrientationLandscapeLeft UIInterfaceOrientationLandscapeRight";
				LD_RUNPATH_SEARCH_PATHS = (
					"$(inherited)",
					"@executable_path/Frameworks",
				);
				MARKETING_VERSION = 1.0;
				PRODUCT_BUNDLE_IDENTIFIER = com.masonsun.AppStoreTutorial;
				PRODUCT_NAME = "$(TARGET_NAME)";
				SWIFT_EMIT_LOC_STRINGS = YES;
				SWIFT_VERSION = 5.0;
				TARGETED_DEVICE_FAMILY = "1,2";
			};
			name = Debug;
		};
		DA31A84A2E11251C0056579D /* Release */ = {
			isa = XCBuildConfiguration;
			buildSettings = {
				ASSETCATALOG_COMPILER_APPICON_NAME = AppIcon;
				ASSETCATALOG_COMPILER_GLOBAL_ACCENT_COLOR_NAME = AccentColor;
				CODE_SIGN_STYLE = Automatic;
				CURRENT_PROJECT_VERSION = 1;
				DEVELOPMENT_TEAM = 4TJ7K2DH6D;
				ENABLE_PREVIEWS = YES;
				GENERATE_INFOPLIST_FILE = YES;
				INFOPLIST_KEY_UIApplicationSceneManifest_Generation = YES;
				INFOPLIST_KEY_UIApplicationSupportsIndirectInputEvents = YES;
				INFOPLIST_KEY_UILaunchScreen_Generation = YES;
				INFOPLIST_KEY_UISupportedInterfaceOrientations_iPad = "UIInterfaceOrientationPortrait UIInterfaceOrientationPortraitUpsideDown UIInterfaceOrientationLandscapeLeft UIInterfaceOrientationLandscapeRight";
				INFOPLIST_KEY_UISupportedInterfaceOrientations_iPhone = "UIInterfaceOrientationPortrait UIInterfaceOrientationLandscapeLeft UIInterfaceOrientationLandscapeRight";
				LD_RUNPATH_SEARCH_PATHS = (
					"$(inherited)",
					"@executable_path/Frameworks",
				);
				MARKETING_VERSION = 1.0;
				PRODUCT_BUNDLE_IDENTIFIER = com.masonsun.AppStoreTutorial;
				PRODUCT_NAME = "$(TARGET_NAME)";
				SWIFT_EMIT_LOC_STRINGS = YES;
				SWIFT_VERSION = 5.0;
				TARGETED_DEVICE_FAMILY = "1,2";
			};
			name = Release;
		};
		DA31A84C2E11251C0056579D /* Debug */ = {
			isa = XCBuildConfiguration;
			buildSettings = {
				BUNDLE_LOADER = "$(TEST_HOST)";
				CODE_SIGN_STYLE = Automatic;
				CURRENT_PROJECT_VERSION = 1;
				DEVELOPMENT_TEAM = 4TJ7K2DH6D;
				GENERATE_INFOPLIST_FILE = YES;
				IPHONEOS_DEPLOYMENT_TARGET = 18.5;
				MARKETING_VERSION = 1.0;
				PRODUCT_BUNDLE_IDENTIFIER = com.masonsun.AppStoreTutorialTests;
				PRODUCT_NAME = "$(TARGET_NAME)";
				SWIFT_EMIT_LOC_STRINGS = NO;
				SWIFT_VERSION = 5.0;
				TARGETED_DEVICE_FAMILY = "1,2";
				TEST_HOST = "$(BUILT_PRODUCTS_DIR)/AppStoreTutorial.app/$(BUNDLE_EXECUTABLE_FOLDER_PATH)/AppStoreTutorial";
			};
			name = Debug;
		};
		DA31A84D2E11251C0056579D /* Release */ = {
			isa = XCBuildConfiguration;
			buildSettings = {
				BUNDLE_LOADER = "$(TEST_HOST)";
				CODE_SIGN_STYLE = Automatic;
				CURRENT_PROJECT_VERSION = 1;
				DEVELOPMENT_TEAM = 4TJ7K2DH6D;
				GENERATE_INFOPLIST_FILE = YES;
				IPHONEOS_DEPLOYMENT_TARGET = 18.5;
				MARKETING_VERSION = 1.0;
				PRODUCT_BUNDLE_IDENTIFIER = com.masonsun.AppStoreTutorialTests;
				PRODUCT_NAME = "$(TARGET_NAME)";
				SWIFT_EMIT_LOC_STRINGS = NO;
				SWIFT_VERSION = 5.0;
				TARGETED_DEVICE_FAMILY = "1,2";
				TEST_HOST = "$(BUILT_PRODUCTS_DIR)/AppStoreTutorial.app/$(BUNDLE_EXECUTABLE_FOLDER_PATH)/AppStoreTutorial";
			};
			name = Release;
		};
		DA31A84F2E11251C0056579D /* Debug */ = {
			isa = XCBuildConfiguration;
			buildSettings = {
				CODE_SIGN_STYLE = Automatic;
				CURRENT_PROJECT_VERSION = 1;
				DEVELOPMENT_TEAM = 4TJ7K2DH6D;
				GENERATE_INFOPLIST_FILE = YES;
				MARKETING_VERSION = 1.0;
				PRODUCT_BUNDLE_IDENTIFIER = com.masonsun.AppStoreTutorialUITests;
				PRODUCT_NAME = "$(TARGET_NAME)";
				SWIFT_EMIT_LOC_STRINGS = NO;
				SWIFT_VERSION = 5.0;
				TARGETED_DEVICE_FAMILY = "1,2";
				TEST_TARGET_NAME = AppStoreTutorial;
			};
			name = Debug;
		};
		DA31A8502E11251C0056579D /* Release */ = {
			isa = XCBuildConfiguration;
			buildSettings = {
				CODE_SIGN_STYLE = Automatic;
				CURRENT_PROJECT_VERSION = 1;
				DEVELOPMENT_TEAM = 4TJ7K2DH6D;
				GENERATE_INFOPLIST_FILE = YES;
				MARKETING_VERSION = 1.0;
				PRODUCT_BUNDLE_IDENTIFIER = com.masonsun.AppStoreTutorialUITests;
				PRODUCT_NAME = "$(TARGET_NAME)";
				SWIFT_EMIT_LOC_STRINGS = NO;
				SWIFT_VERSION = 5.0;
				TARGETED_DEVICE_FAMILY = "1,2";
				TEST_TARGET_NAME = AppStoreTutorial;
			};
			name = Release;
		};
/* End XCBuildConfiguration section */

/* Begin XCConfigurationList section */
		DA31A8222E11251A0056579D /* Build configuration list for PBXProject "AppStoreTutorial" */ = {
			isa = XCConfigurationList;
			buildConfigurations = (
				DA31A8462E11251C0056579D /* Debug */,
				DA31A8472E11251C0056579D /* Release */,
			);
			defaultConfigurationIsVisible = 0;
			defaultConfigurationName = Release;
		};
		DA31A8482E11251C0056579D /* Build configuration list for PBXNativeTarget "AppStoreTutorial" */ = {
			isa = XCConfigurationList;
			buildConfigurations = (
				DA31A8492E11251C0056579D /* Debug */,
				DA31A84A2E11251C0056579D /* Release */,
			);
			defaultConfigurationIsVisible = 0;
			defaultConfigurationName = Release;
		};
		DA31A84B2E11251C0056579D /* Build configuration list for PBXNativeTarget "AppStoreTutorialTests" */ = {
			isa = XCConfigurationList;
			buildConfigurations = (
				DA31A84C2E11251C0056579D /* Debug */,
				DA31A84D2E11251C0056579D /* Release */,
			);
			defaultConfigurationIsVisible = 0;
			defaultConfigurationName = Release;
		};
		DA31A84E2E11251C0056579D /* Build configuration list for PBXNativeTarget "AppStoreTutorialUITests" */ = {
			isa = XCConfigurationList;
			buildConfigurations = (
				DA31A84F2E11251C0056579D /* Debug */,
				DA31A8502E11251C0056579D /* Release */,
			);
			defaultConfigurationIsVisible = 0;
			defaultConfigurationName = Release;
		};
/* End XCConfigurationList section */
	};
	rootObject = DA31A81F2E11251A0056579D /* Project object */;
}
